// !$*UTF8*$!
{
	archiveVersion = 1;
	classes = {
	};
	objectVersion = 46;
	objects = {

/* Begin PBXBuildFile section */
		4FDC537B1E6B3C35000EF258 /* AppDelegate.swift in Sources */ = {isa = PBXBuildFile; fileRef = 4FDC537A1E6B3C35000EF258 /* AppDelegate.swift */; };
		4FDC537D1E6B3C35000EF258 /* ViewController.swift in Sources */ = {isa = PBXBuildFile; fileRef = 4FDC537C1E6B3C35000EF258 /* ViewController.swift */; };
		4FDC53801E6B3C35000EF258 /* Main.storyboard in Resources */ = {isa = PBXBuildFile; fileRef = 4FDC537E1E6B3C35000EF258 /* Main.storyboard */; };
		4FDC53821E6B3C35000EF258 /* Assets.xcassets in Resources */ = {isa = PBXBuildFile; fileRef = 4FDC53811E6B3C35000EF258 /* Assets.xcassets */; };
		4FDC53851E6B3C35000EF258 /* LaunchScreen.storyboard in Resources */ = {isa = PBXBuildFile; fileRef = 4FDC53831E6B3C35000EF258 /* LaunchScreen.storyboard */; };
		4FDC538F1E6B58BF000EF258 /* Step2VC.swift in Sources */ = {isa = PBXBuildFile; fileRef = 4FDC538E1E6B58BF000EF258 /* Step2VC.swift */; };
		4FDC53911E6B58CD000EF258 /* Step3VC.swift in Sources */ = {isa = PBXBuildFile; fileRef = 4FDC53901E6B58CD000EF258 /* Step3VC.swift */; };
		4FDC53931E6B58DC000EF258 /* Step4VC.swift in Sources */ = {isa = PBXBuildFile; fileRef = 4FDC53921E6B58DC000EF258 /* Step4VC.swift */; };
		4FDC53951E6B58FB000EF258 /* FinalVC.swift in Sources */ = {isa = PBXBuildFile; fileRef = 4FDC53941E6B58FB000EF258 /* FinalVC.swift */; };
/* End PBXBuildFile section */

/* Begin PBXFileReference section */
		4FDC53771E6B3C35000EF258 /* Pizza.app */ = {isa = PBXFileReference; explicitFileType = wrapper.application; includeInIndex = 0; path = Pizza.app; sourceTree = BUILT_PRODUCTS_DIR; };
		4FDC537A1E6B3C35000EF258 /* AppDelegate.swift */ = {isa = PBXFileReference; lastKnownFileType = sourcecode.swift; path = AppDelegate.swift; sourceTree = "<group>"; };
		4FDC537C1E6B3C35000EF258 /* ViewController.swift */ = {isa = PBXFileReference; lastKnownFileType = sourcecode.swift; path = ViewController.swift; sourceTree = "<group>"; };
		4FDC537F1E6B3C35000EF258 /* Base */ = {isa = PBXFileReference; lastKnownFileType = file.storyboard; name = Base; path = Base.lproj/Main.storyboard; sourceTree = "<group>"; };
		4FDC53811E6B3C35000EF258 /* Assets.xcassets */ = {isa = PBXFileReference; lastKnownFileType = folder.assetcatalog; path = Assets.xcassets; sourceTree = "<group>"; };
		4FDC53841E6B3C35000EF258 /* Base */ = {isa = PBXFileReference; lastKnownFileType = file.storyboard; name = Base; path = Base.lproj/LaunchScreen.storyboard; sourceTree = "<group>"; };
		4FDC53861E6B3C35000EF258 /* Info.plist */ = {isa = PBXFileReference; lastKnownFileType = text.plist.xml; path = Info.plist; sourceTree = "<group>"; };
		4FDC538E1E6B58BF000EF258 /* Step2VC.swift */ = {isa = PBXFileReference; fileEncoding = 4; lastKnownFileType = sourcecode.swift; path = Step2VC.swift; sourceTree = "<group>"; };
		4FDC53901E6B58CD000EF258 /* Step3VC.swift */ = {isa = PBXFileReference; fileEncoding = 4; lastKnownFileType = sourcecode.swift; path = Step3VC.swift; sourceTree = "<group>"; };
		4FDC53921E6B58DC000EF258 /* Step4VC.swift */ = {isa = PBXFileReference; fileEncoding = 4; lastKnownFileType = sourcecode.swift; path = Step4VC.swift; sourceTree = "<group>"; };
		4FDC53941E6B58FB000EF258 /* FinalVC.swift */ = {isa = PBXFileReference; fileEncoding = 4; lastKnownFileType = sourcecode.swift; path = FinalVC.swift; sourceTree = "<group>"; };
/* End PBXFileReference section */

/* Begin PBXFrameworksBuildPhase section */
		4FDC53741E6B3C35000EF258 /* Frameworks */ = {
			isa = PBXFrameworksBuildPhase;
			buildActionMask = 2147483647;
			files = (
			);
			runOnlyForDeploymentPostprocessing = 0;
		};
/* End PBXFrameworksBuildPhase section */

/* Begin PBXGroup section */
		4FDC536E1E6B3C35000EF258 = {
			isa = PBXGroup;
			children = (
				4FDC53791E6B3C35000EF258 /* Pizza */,
				4FDC53781E6B3C35000EF258 /* Products */,
			);
			sourceTree = "<group>";
		};
		4FDC53781E6B3C35000EF258 /* Products */ = {
			isa = PBXGroup;
			children = (
				4FDC53771E6B3C35000EF258 /* Pizza.app */,
			);
			name = Products;
			sourceTree = "<group>";
		};
		4FDC53791E6B3C35000EF258 /* Pizza */ = {
			isa = PBXGroup;
			children = (
				4FDC537A1E6B3C35000EF258 /* AppDelegate.swift */,
				4FDC537C1E6B3C35000EF258 /* ViewController.swift */,
				4FDC537E1E6B3C35000EF258 /* Main.storyboard */,
				4FDC53811E6B3C35000EF258 /* Assets.xcassets */,
				4FDC53831E6B3C35000EF258 /* LaunchScreen.storyboard */,
				4FDC53861E6B3C35000EF258 /* Info.plist */,
				4FDC538E1E6B58BF000EF258 /* Step2VC.swift */,
				4FDC53901E6B58CD000EF258 /* Step3VC.swift */,
				4FDC53921E6B58DC000EF258 /* Step4VC.swift */,
				4FDC53941E6B58FB000EF258 /* FinalVC.swift */,
			);
			path = Pizza;
			sourceTree = "<group>";
		};
/* End PBXGroup section */

/* Begin PBXNativeTarget section */
		4FDC53761E6B3C35000EF258 /* Pizza */ = {
			isa = PBXNativeTarget;
			buildConfigurationList = 4FDC53891E6B3C35000EF258 /* Build configuration list for PBXNativeTarget "Pizza" */;
			buildPhases = (
				4FDC53731E6B3C35000EF258 /* Sources */,
				4FDC53741E6B3C35000EF258 /* Frameworks */,
				4FDC53751E6B3C35000EF258 /* Resources */,
			);
			buildRules = (
			);
			dependencies = (
			);
			name = Pizza;
			productName = Pizza;
			productReference = 4FDC53771E6B3C35000EF258 /* Pizza.app */;
			productType = "com.apple.product-type.application";
		};
/* End PBXNativeTarget section */

/* Begin PBXProject section */
		4FDC536F1E6B3C35000EF258 /* Project object */ = {
			isa = PBXProject;
			attributes = {
				LastSwiftUpdateCheck = 0820;
				LastUpgradeCheck = 0820;
				ORGANIZATIONNAME = "Johana Lopez";
				TargetAttributes = {
					4FDC53761E6B3C35000EF258 = {
						CreatedOnToolsVersion = 8.2.1;
						ProvisioningStyle = Automatic;
					};
				};
			};
			buildConfigurationList = 4FDC53721E6B3C35000EF258 /* Build configuration list for PBXProject "Pizza" */;
			compatibilityVersion = "Xcode 3.2";
			developmentRegion = English;
			hasScannedForEncodings = 0;
			knownRegions = (
				en,
				Base,
			);
			mainGroup = 4FDC536E1E6B3C35000EF258;
			productRefGroup = 4FDC53781E6B3C35000EF258 /* Products */;
			projectDirPath = "";
			projectRoot = "";
			targets = (
				4FDC53761E6B3C35000EF258 /* Pizza */,
			);
		};
/* End PBXProject section */

/* Begin PBXResourcesBuildPhase section */
		4FDC53751E6B3C35000EF258 /* Resources */ = {
			isa = PBXResourcesBuildPhase;
			buildActionMask = 2147483647;
			files = (
				4FDC53851E6B3C35000EF258 /* LaunchScreen.storyboard in Resources */,
				4FDC53821E6B3C35000EF258 /* Assets.xcassets in Resources */,
				4FDC53801E6B3C35000EF258 /* Main.storyboard in Resources */,
			);
			runOnlyForDeploymentPostprocessing = 0;
		};
/* End PBXResourcesBuildPhase section */

/* Begin PBXSourcesBuildPhase section */
		4FDC53731E6B3C35000EF258 /* Sources */ = {
			isa = PBXSourcesBuildPhase;
			buildActionMask = 2147483647;
			files = (
				4FDC53911E6B58CD000EF258 /* Step3VC.swift in Sources */,
				4FDC538F1E6B58BF000EF258 /* Step2VC.swift in Sources */,
				4FDC53931E6B58DC000EF258 /* Step4VC.swift in Sources */,
				4FDC537D1E6B3C35000EF258 /* ViewController.swift in Sources */,
				4FDC537B1E6B3C35000EF258 /* AppDelegate.swift in Sources */,
				4FDC53951E6B58FB000EF258 /* FinalVC.swift in Sources */,
			);
			runOnlyForDeploymentPostprocessing = 0;
		};
/* End PBXSourcesBuildPhase section */

/* Begin PBXVariantGroup section */
		4FDC537E1E6B3C35000EF258 /* Main.storyboard */ = {
			isa = PBXVariantGroup;
			children = (
				4FDC537F1E6B3C35000EF258 /* Base */,
			);
			name = Main.storyboard;
			sourceTree = "<group>";
		};
		4FDC53831E6B3C35000EF258 /* LaunchScreen.storyboard */ = {
			isa = PBXVariantGroup;
			children = (
				4FDC53841E6B3C35000EF258 /* Base */,
			);
			name = LaunchScreen.storyboard;
			sourceTree = "<group>";
		};
/* End PBXVariantGroup section */

/* Begin XCBuildConfiguration section */
		4FDC53871E6B3C35000EF258 /* Debug */ = {
			isa = XCBuildConfiguration;
			buildSettings = {
				ALWAYS_SEARCH_USER_PATHS = NO;
				CLANG_ANALYZER_NONNULL = YES;
				CLANG_CXX_LANGUAGE_STANDARD = "gnu++0x";
				CLANG_CXX_LIBRARY = "libc++";
				CLANG_ENABLE_MODULES = YES;
				CLANG_ENABLE_OBJC_ARC = YES;
				CLANG_WARN_BOOL_CONVERSION = YES;
				CLANG_WARN_CONSTANT_CONVERSION = YES;
				CLANG_WARN_DIRECT_OBJC_ISA_USAGE = YES_ERROR;
				CLANG_WARN_DOCUMENTATION_COMMENTS = YES;
				CLANG_WARN_EMPTY_BODY = YES;
				CLANG_WARN_ENUM_CONVERSION = YES;
				CLANG_WARN_INFINITE_RECURSION = YES;
				CLANG_WARN_INT_CONVERSION = YES;
				CLANG_WARN_OBJC_ROOT_CLASS = YES_ERROR;
				CLANG_WARN_SUSPICIOUS_MOVE = YES;
				CLANG_WARN_UNREACHABLE_CODE = YES;
				CLANG_WARN__DUPLICATE_METHOD_MATCH = YES;
				"CODE_SIGN_IDENTITY[sdk=iphoneos*]" = "iPhone Developer";
				COPY_PHASE_STRIP = NO;
				DEBUG_INFORMATION_FORMAT = dwarf;
				ENABLE_STRICT_OBJC_MSGSEND = YES;
				ENABLE_TESTABILITY = YES;
				GCC_C_LANGUAGE_STANDARD = gnu99;
				GCC_DYNAMIC_NO_PIC = NO;
				GCC_NO_COMMON_BLOCKS = YES;
				GCC_OPTIMIZATION_LEVEL = 0;
				GCC_PREPROCESSOR_DEFINITIONS = (
					"DEBUG=1",
					"$(inherited)",
				);
				GCC_WARN_64_TO_32_BIT_CONVERSION = YES;
				GCC_WARN_ABOUT_RETURN_TYPE = YES_ERROR;
				GCC_WARN_UNDECLARED_SELECTOR = YES;
				GCC_WARN_UNINITIALIZED_AUTOS = YES_AGGRESSIVE;
				GCC_WARN_UNUSED_FUNCTION = YES;
				GCC_WARN_UNUSED_VARIABLE = YES;
				IPHONEOS_DEPLOYMENT_TARGET = 10.2;
				MTL_ENABLE_DEBUG_INFO = YES;
				ONLY_ACTIVE_ARCH = YES;
				SDKROOT = iphoneos;
				SWIFT_ACTIVE_COMPILATION_CONDITIONS = DEBUG;
				SWIFT_OPTIMIZATION_LEVEL = "-Onone";
				TARGETED_DEVICE_FAMILY = "1,2";
			};
			name = Debug;
		};
		4FDC53881E6B3C35000EF258 /* Release */ = {
			isa = XCBuildConfiguration;
			buildSettings = {
				ALWAYS_SEARCH_USER_PATHS = NO;
				CLANG_ANALYZER_NONNULL = YES;
				CLANG_CXX_LANGUAGE_STANDARD = "gnu++0x";
				CLANG_CXX_LIBRARY = "libc++";
				CLANG_ENABLE_MODULES = YES;
				CLANG_ENABLE_OBJC_ARC = YES;
				CLANG_WARN_BOOL_CONVERSION = YES;
				CLANG_WARN_CONSTANT_CONVERSION = YES;
				CLANG_WARN_DIRECT_OBJC_ISA_USAGE = YES_ERROR;
				CLANG_WARN_DOCUMENTATION_COMMENTS = YES;
				CLANG_WARN_EMPTY_BODY = YES;
				CLANG_WARN_ENUM_CONVERSION = YES;
				CLANG_WARN_INFINITE_RECURSION = YES;
				CLANG_WARN_INT_CONVERSION = YES;
				CLANG_WARN_OBJC_ROOT_CLASS = YES_ERROR;
				CLANG_WARN_SUSPICIOUS_MOVE = YES;
				CLANG_WARN_UNREACHABLE_CODE = YES;
				CLANG_WARN__DUPLICATE_METHOD_MATCH = YES;
				"CODE_SIGN_IDENTITY[sdk=iphoneos*]" = "iPhone Developer";
				COPY_PHASE_STRIP = NO;
				DEBUG_INFORMATION_FORMAT = "dwarf-with-dsym";
				ENABLE_NS_ASSERTIONS = NO;
				ENABLE_STRICT_OBJC_MSGSEND = YES;
				GCC_C_LANGUAGE_STANDARD = gnu99;
				GCC_NO_COMMON_BLOCKS = YES;
				GCC_WARN_64_TO_32_BIT_CONVERSION = YES;
				GCC_WARN_ABOUT_RETURN_TYPE = YES_ERROR;
				GCC_WARN_UNDECLARED_SELECTOR = YES;
				GCC_WARN_UNINITIALIZED_AUTOS = YES_AGGRESSIVE;
				GCC_WARN_UNUSED_FUNCTION = YES;
				GCC_WARN_UNUSED_VARIABLE = YES;
				IPHONEOS_DEPLOYMENT_TARGET = 10.2;
				MTL_ENABLE_DEBUG_INFO = NO;
				SDKROOT = iphoneos;
				SWIFT_OPTIMIZATION_LEVEL = "-Owholemodule";
				TARGETED_DEVICE_FAMILY = "1,2";
				VALIDATE_PRODUCT = YES;
			};
			name = Release;
		};
		4FDC538A1E6B3C35000EF258 /* Debug */ = {
			isa = XCBuildConfiguration;
			buildSettings = {
				ASSETCATALOG_COMPILER_APPICON_NAME = AppIcon;
				INFOPLIST_FILE = Pizza/Info.plist;
				LD_RUNPATH_SEARCH_PATHS = "$(inherited) @executable_path/Frameworks";
				PRODUCT_BUNDLE_IDENTIFIER = com.jmlp.Pizza;
				PRODUCT_NAME = "$(TARGET_NAME)";
				SWIFT_VERSION = 3.0;
			};
			name = Debug;
		};
		4FDC538B1E6B3C35000EF258 /* Release */ = {
			isa = XCBuildConfiguration;
			buildSettings = {
				ASSETCATALOG_COMPILER_APPICON_NAME = AppIcon;
				INFOPLIST_FILE = Pizza/Info.plist;
				LD_RUNPATH_SEARCH_PATHS = "$(inherited) @executable_path/Frameworks";
				PRODUCT_BUNDLE_IDENTIFIER = com.jmlp.Pizza;
				PRODUCT_NAME = "$(TARGET_NAME)";
				SWIFT_VERSION = 3.0;
			};
			name = Release;
		};
/* End XCBuildConfiguration section */

/* Begin XCConfigurationList section */
		4FDC53721E6B3C35000EF258 /* Build configuration list for PBXProject "Pizza" */ = {
			isa = XCConfigurationList;
			buildConfigurations = (
				4FDC53871E6B3C35000EF258 /* Debug */,
				4FDC53881E6B3C35000EF258 /* Release */,
			);
			defaultConfigurationIsVisible = 0;
			defaultConfigurationName = Release;
		};
		4FDC53891E6B3C35000EF258 /* Build configuration list for PBXNativeTarget "Pizza" */ = {
			isa = XCConfigurationList;
			buildConfigurations = (
				4FDC538A1E6B3C35000EF258 /* Debug */,
				4FDC538B1E6B3C35000EF258 /* Release */,
			);
			defaultConfigurationIsVisible = 0;
		};
/* End XCConfigurationList section */
	};
	rootObject = 4FDC536F1E6B3C35000EF258 /* Project object */;
}
